{
  "name": "redm-playground",
  "version": "1.0.0",
  "lockfileVersion": 1,
  "requires": true,
  "dependencies": {
    "@citizenfx/client": {
      "version": "2.0.5265-1",
      "resolved": "https://registry.npmjs.org/@citizenfx/client/-/client-2.0.5265-1.tgz",
      "integrity": "sha512-WWZx0x3flu4iGyVHTKwX3QqCOEP3jpveEmMHktM1wkOUU4vn0JW6iUN1b/VwUNu8oSnHGEOWYoVgdxbXlx1hcw=="
    },
    "@citizenfx/server": {
      "version": "2.0.5265-1",
      "resolved": "https://registry.npmjs.org/@citizenfx/server/-/server-2.0.5265-1.tgz",
      "integrity": "sha512-LsgeRHLB9rAiwOVWCxIJ4PAu4XrJQSfiRmEg+pxj4E+jiVc3UoopcAHJkT1WmXaKxYE/KxYmDerOM6lFjglZrg=="
    }
  }
}
