# THIS IS AN AUTOGENERATED FILE. DO NOT EDIT THIS FILE DIRECTLY.
# yarn lockfile v1


"@citizenfx/client@^2.0.5265-1":
  version "2.0.5265-1"
  resolved "https://registry.yarnpkg.com/@citizenfx/client/-/client-2.0.5265-1.tgz#c9ea2861d2d26d5c648327f3e887d275441fc3d6"
  integrity sha512-WWZx0x3flu4iGyVHTKwX3QqCOEP3jpveEmMHktM1wkOUU4vn0JW6iUN1b/VwUNu8oSnHGEOWYoVgdxbXlx1hcw==

"@citizenfx/server@^2.0.5265-1":
  version "2.0.5265-1"
  resolved "https://registry.yarnpkg.com/@citizenfx/server/-/server-2.0.5265-1.tgz#d2fc6d216f0853c9b873213720e3de190c181995"
  integrity sha512-LsgeRHLB9rAiwOVWCxIJ4PAu4XrJQSfiRmEg+pxj4E+jiVc3UoopcAHJkT1WmXaKxYE/KxYmDerOM6lFjglZrg==
